
Microsoft Visual Studio Solution File, Format Version 12.00
# Visual Studio Version 17
VisualStudioVersion = 17.10.35122.118
MinimumVisualStudioVersion = 10.0.40219.1
Project("{9A19103F-16F7-4668-BE54-9A1E7A4F7556}") = "KanzWay", "KanzWay\KanzWay.csproj", "{66BF4013-DFE2-4215-BCFD-2316E7F72DFD}"
EndProject
Project("{FAE04EC0-301F-11D3-BF4B-00C04F79EFBC}") = "KanzWay.Tests", "KanzWay.Tests\KanzWay.Tests.csproj", "{19CAB0BA-FFE1-4E8B-803A-54A681954212}"
EndProject
Global
	GlobalSection(SolutionConfigurationPlatforms) = preSolution
		Debug|Any CPU = Debug|Any CPU
		Release|Any CPU = Release|Any CPU
	EndGlobalSection
	GlobalSection(ProjectConfigurationPlatforms) = postSolution
		{66BF4013-DFE2-4215-BCFD-2316E7F72DFD}.Debug|Any CPU.ActiveCfg = Debug|Any CPU
		{66BF4013-DFE2-4215-BCFD-2316E7F72DFD}.Debug|Any CPU.Build.0 = Debug|Any CPU
		{66BF4013-DFE2-4215-BCFD-2316E7F72DFD}.Release|Any CPU.ActiveCfg = Release|Any CPU
		{66BF4013-DFE2-4215-BCFD-2316E7F72DFD}.Release|Any CPU.Build.0 = Release|Any CPU
		{19CAB0BA-FFE1-4E8B-803A-54A681954212}.Debug|Any CPU.ActiveCfg = Debug|Any CPU
		{19CAB0BA-FFE1-4E8B-803A-54A681954212}.Debug|Any CPU.Build.0 = Debug|Any CPU
		{19CAB0BA-FFE1-4E8B-803A-54A681954212}.Release|Any CPU.ActiveCfg = Release|Any CPU
		{19CAB0BA-FFE1-4E8B-803A-54A681954212}.Release|Any CPU.Build.0 = Release|Any CPU
	EndGlobalSection
	GlobalSection(SolutionProperties) = preSolution
		HideSolutionNode = FALSE
	EndGlobalSection
	GlobalSection(ExtensibilityGlobals) = postSolution
		SolutionGuid = {0A28CBE4-020C-4F0C-803F-235E29A899BF}
	EndGlobalSection
EndGlobal
